
Microsoft Visual Studio Solution File, Format Version 12.00
# Visual Studio 15
VisualStudioVersion = 15.0.28307.645
MinimumVisualStudioVersion = 10.0.40219.1
Project("{FAE04EC0-301F-11D3-BF4B-00C04F79EFBC}") = "WinIOTLink", "WinIOTLink\WinIOTLink.csproj", "{1A554933-0C12-4CE5-900C-0D8E21544DD0}"
EndProject
Global
	GlobalSection(SolutionConfigurationPlatforms) = preSolution
		Debug|Any CPU = Debug|Any CPU
		Release|Any CPU = Release|Any CPU
	EndGlobalSection
	GlobalSection(ProjectConfigurationPlatforms) = postSolution
		{1A554933-0C12-4CE5-900C-0D8E21544DD0}.Debug|Any CPU.ActiveCfg = Debug|Any CPU
		{1A554933-0C12-4CE5-900C-0D8E21544DD0}.Debug|Any CPU.Build.0 = Debug|Any CPU
		{1A554933-0C12-4CE5-900C-0D8E21544DD0}.Release|Any CPU.ActiveCfg = Release|Any CPU
		{1A554933-0C12-4CE5-900C-0D8E21544DD0}.Release|Any CPU.Build.0 = Release|Any CPU
	EndGlobalSection
	GlobalSection(SolutionProperties) = preSolution
		HideSolutionNode = FALSE
	EndGlobalSection
	GlobalSection(ExtensibilityGlobals) = postSolution
		SolutionGuid = {5CABFC77-4FC4-4701-93A1-EA18EC5D4821}
	EndGlobalSection
EndGlobal
